<?xml version="1.0" encoding="utf-8"?>
<Project ToolsVersion="4.0" xmlns="http://schemas.microsoft.com/developer/msbuild/2003">
  <ItemGroup>
    <Filter Include="99.Default">
      <UniqueIdentifier>{404e01be-029e-4ed4-8c1c-2a646eba3562}</UniqueIdentifier>
    </Filter>
    <Filter Include="00.MainApp">
      <UniqueIdentifier>{3099f958-e4ee-48a6-8030-83d93d90fa60}</UniqueIdentifier>
    </Filter>
    <Filter Include="01.Geometry">
      <UniqueIdentifier>{9edc8f82-776d-41e1-a3a9-a0556f338610}</UniqueIdentifier>
    </Filter>
    <Filter Include="02.Demo">
      <UniqueIdentifier>{971a916f-fc69-46f9-b8d1-9fe28a953ab0}</UniqueIdentifier>
    </Filter>
    <Filter Include="98.Utility">
      <UniqueIdentifier>{0b59df2b-d31a-4163-b983-48d614f85913}</UniqueIdentifier>
    </Filter>
  </ItemGroup>
  <ItemGroup>
    <ClInclude Include="Client.h">
      <Filter>99.Default</Filter>
    </ClInclude>
    <ClInclude Include="Resource.h">
      <Filter>99.Default</Filter>
    </ClInclude>
    <ClInclude Include="stdafx.h">
      <Filter>99.Default</Filter>
    </ClInclude>
    <ClInclude Include="targetver.h">
      <Filter>99.Default</Filter>
    </ClInclude>
    <ClInclude Include="..\Headers\MainApp.h">
      <Filter>00.MainApp</Filter>
    </ClInclude>
    <ClInclude Include="..\Headers\Triangle.h">
      <Filter>01.Geometry</Filter>
    </ClInclude>
    <ClInclude Include="..\Headers\VertexTypes.h">
      <Filter>01.Geometry</Filter>
    </ClInclude>
    <ClInclude Include="..\Headers\Teapot.h">
      <Filter>01.Geometry</Filter>
    </ClInclude>
    <ClInclude Include="..\Headers\DemoManager.h">
      <Filter>02.Demo</Filter>
    </ClInclude>
    <ClInclude Include="..\Headers\IDemo.h">
      <Filter>02.Demo</Filter>
    </ClInclude>
    <ClInclude Include="..\Headers\MeshesDemo.h">
      <Filter>02.Demo</Filter>
    </ClInclude>
    <ClInclude Include="..\Headers\ColorTriangle.h">
      <Filter>02.Demo</Filter>
    </ClInclude>
    <ClInclude Include="..\Headers\LitPyramid.h">
      <Filter>02.Demo</Filter>
    </ClInclude>
    <ClInclude Include="..\Headers\DirectionalLight.h">
      <Filter>02.Demo</Filter>
    </ClInclude>
    <ClInclude Include="..\Headers\MaterialHelper.h">
      <Filter>98.Utility</Filter>
    </ClInclude>
    <ClInclude Include="..\Headers\LightHelper.h">
      <Filter>98.Utility</Filter>
    </ClInclude>
    <ClInclude Include="..\Headers\TexQuad.h">
      <Filter>02.Demo</Filter>
    </ClInclude>
    <ClInclude Include="..\Headers\TexCube.h">
      <Filter>02.Demo</Filter>
    </ClInclude>
    <ClInclude Include="..\Headers\DemoCube.h">
      <Filter>01.Geometry</Filter>
    </ClInclude>
    <ClInclude Include="..\Headers\Cube.h">
      <Filter>01.Geometry</Filter>
    </ClInclude>
    <ClInclude Include="..\Headers\VSTransform.h">
      <Filter>02.Demo</Filter>
    </ClInclude>
    <ClInclude Include="..\Headers\AddressModes.h">
      <Filter>02.Demo</Filter>
    </ClInclude>
    <ClInclude Include="..\Headers\MaterialAlpha.h">
      <Filter>02.Demo</Filter>
    </ClInclude>
    <ClInclude Include="..\Headers\TextureAlpha.h">
      <Filter>02.Demo</Filter>
    </ClInclude>
    <ClInclude Include="..\Headers\StencilMirror.h">
      <Filter>02.Demo</Filter>
    </ClInclude>
    <ClInclude Include="..\Headers\StencilShadow.h">
      <Filter>02.Demo</Filter>
    </ClInclude>
    <ClInclude Include="..\Headers\StencilMirrorShadow.h">
      <Filter>02.Demo</Filter>
    </ClInclude>
    <ClInclude Include="..\Headers\PSMultiTexture.h">
      <Filter>02.Demo</Filter>
    </ClInclude>
    <ClInclude Include="..\Headers\XFile.h">
      <Filter>02.Demo</Filter>
    </ClInclude>
  </ItemGroup>
  <ItemGroup>
    <ClCompile Include="Client.cpp">
      <Filter>99.Default</Filter>
    </ClCompile>
    <ClCompile Include="stdafx.cpp">
      <Filter>99.Default</Filter>
    </ClCompile>
    <ClCompile Include="..\Codes\MainApp.cpp">
      <Filter>00.MainApp</Filter>
    </ClCompile>
    <ClCompile Include="..\Codes\Triangle.cpp">
      <Filter>01.Geometry</Filter>
    </ClCompile>
    <ClCompile Include="..\Codes\VertexTypes.cpp">
      <Filter>01.Geometry</Filter>
    </ClCompile>
    <ClCompile Include="..\Codes\Teapot.cpp">
      <Filter>01.Geometry</Filter>
    </ClCompile>
    <ClCompile Include="..\Codes\DemoManager.cpp">
      <Filter>02.Demo</Filter>
    </ClCompile>
    <ClCompile Include="..\Codes\IDemo.cpp">
      <Filter>02.Demo</Filter>
    </ClCompile>
    <ClCompile Include="..\Codes\MeshesDemo.cpp">
      <Filter>02.Demo</Filter>
    </ClCompile>
    <ClCompile Include="..\Codes\ColorTriangle.cpp">
      <Filter>02.Demo</Filter>
    </ClCompile>
    <ClCompile Include="..\Codes\LitPyramid.cpp">
      <Filter>02.Demo</Filter>
    </ClCompile>
    <ClCompile Include="..\Codes\DirectionalLight.cpp">
      <Filter>02.Demo</Filter>
    </ClCompile>
    <ClCompile Include="..\Codes\MaterialHelper.cpp">
      <Filter>98.Utility</Filter>
    </ClCompile>
    <ClCompile Include="..\Codes\LightHelper.cpp">
      <Filter>98.Utility</Filter>
    </ClCompile>
    <ClCompile Include="..\Codes\TexQuad.cpp">
      <Filter>02.Demo</Filter>
    </ClCompile>
    <ClCompile Include="..\Codes\TexCube.cpp">
      <Filter>02.Demo</Filter>
    </ClCompile>
    <ClCompile Include="..\Codes\DemoCube.cpp">
      <Filter>01.Geometry</Filter>
    </ClCompile>
    <ClCompile Include="..\Codes\Cube.cpp">
      <Filter>01.Geometry</Filter>
    </ClCompile>
    <ClCompile Include="..\Codes\VSTransform.cpp">
      <Filter>02.Demo</Filter>
    </ClCompile>
    <ClCompile Include="..\Codes\AddressModes.cpp">
      <Filter>02.Demo</Filter>
    </ClCompile>
    <ClCompile Include="..\Codes\MaterialAlpha.cpp">
      <Filter>02.Demo</Filter>
    </ClCompile>
    <ClCompile Include="..\Codes\TextureAlpha.cpp">
      <Filter>02.Demo</Filter>
    </ClCompile>
    <ClCompile Include="..\Codes\StencilMirror.cpp">
      <Filter>02.Demo</Filter>
    </ClCompile>
    <ClCompile Include="..\Codes\StencilShadow.cpp">
      <Filter>02.Demo</Filter>
    </ClCompile>
    <ClCompile Include="..\Codes\StencilMirrorShadow.cpp">
      <Filter>02.Demo</Filter>
    </ClCompile>
    <ClCompile Include="..\Codes\PSMultiTexture.cpp">
      <Filter>02.Demo</Filter>
    </ClCompile>
    <ClCompile Include="..\Codes\XFile.cpp">
      <Filter>02.Demo</Filter>
    </ClCompile>
  </ItemGroup>
  <ItemGroup>
    <Image Include="Client.ico">
      <Filter>99.Default</Filter>
    </Image>
    <Image Include="small.ico">
      <Filter>99.Default</Filter>
    </Image>
  </ItemGroup>
  <ItemGroup>
    <ResourceCompile Include="Client.rc">
      <Filter>99.Default</Filter>
    </ResourceCompile>
  </ItemGroup>
</Project>